
Microsoft Visual Studio Solution File, Format Version 12.00
# Visual Studio 15
VisualStudioVersion = 15.0.28307.271
MinimumVisualStudioVersion = 10.0.40219.1
Project("{FAE04EC0-301F-11D3-BF4B-00C04F79EFBC}") = "ApiConsole", "ApiConsole\ApiConsole.csproj", "{044598A3-A48F-4187-9D7B-CBF6C14F091C}"
EndProject
Global
	GlobalSection(SolutionConfigurationPlatforms) = preSolution
		Debug|Any CPU = Debug|Any CPU
		Release|Any CPU = Release|Any CPU
	EndGlobalSection
	GlobalSection(ProjectConfigurationPlatforms) = postSolution
		{044598A3-A48F-4187-9D7B-CBF6C14F091C}.Debug|Any CPU.ActiveCfg = Debug|Any CPU
		{044598A3-A48F-4187-9D7B-CBF6C14F091C}.Debug|Any CPU.Build.0 = Debug|Any CPU
		{044598A3-A48F-4187-9D7B-CBF6C14F091C}.Release|Any CPU.ActiveCfg = Release|Any CPU
		{044598A3-A48F-4187-9D7B-CBF6C14F091C}.Release|Any CPU.Build.0 = Release|Any CPU
	EndGlobalSection
	GlobalSection(SolutionProperties) = preSolution
		HideSolutionNode = FALSE
	EndGlobalSection
	GlobalSection(ExtensibilityGlobals) = postSolution
		SolutionGuid = {BF95D518-A2A9-44CD-A831-6E6A37E46946}
	EndGlobalSection
EndGlobal
